
Microsoft Visual Studio Solution File, Format Version 12.00
# Visual Studio Version 16
VisualStudioVersion = 16.0.30114.105
MinimumVisualStudioVersion = 10.0.40219.1
Project("{FAE04EC0-301F-11D3-BF4B-00C04F79EFBC}") = "Lab2", "Lab2.csproj", "{9471A2FF-6680-4578-932C-93142D0AD027}"
EndProject
Global
	GlobalSection(SolutionConfigurationPlatforms) = preSolution
		Debug|Any CPU = Debug|Any CPU
		Release|Any CPU = Release|Any CPU
	EndGlobalSection
	GlobalSection(ProjectConfigurationPlatforms) = postSolution
		{9471A2FF-6680-4578-932C-93142D0AD027}.Debug|Any CPU.ActiveCfg = Debug|Any CPU
		{9471A2FF-6680-4578-932C-93142D0AD027}.Debug|Any CPU.Build.0 = Debug|Any CPU
		{9471A2FF-6680-4578-932C-93142D0AD027}.Release|Any CPU.ActiveCfg = Release|Any CPU
		{9471A2FF-6680-4578-932C-93142D0AD027}.Release|Any CPU.Build.0 = Release|Any CPU
	EndGlobalSection
	GlobalSection(SolutionProperties) = preSolution
		HideSolutionNode = FALSE
	EndGlobalSection
	GlobalSection(ExtensibilityGlobals) = postSolution
		SolutionGuid = {D31D34D7-6B81-4835-AB04-F7421CAD8486}
	EndGlobalSection
EndGlobal
